
Microsoft Visual Studio Solution File, Format Version 12.00
# Visual Studio Version 17
VisualStudioVersion = 17.9.34616.47
MinimumVisualStudioVersion = 10.0.40219.1
Project("{FAE04EC0-301F-11D3-BF4B-00C04F79EFBC}") = "LINQ2XML", "LINQ2XML\LINQ2XML.csproj", "{FEFD066C-2B44-4DFE-8C35-3163C77F8352}"
EndProject
Global
	GlobalSection(SolutionConfigurationPlatforms) = preSolution
		Debug|Any CPU = Debug|Any CPU
		Release|Any CPU = Release|Any CPU
	EndGlobalSection
	GlobalSection(ProjectConfigurationPlatforms) = postSolution
		{FEFD066C-2B44-4DFE-8C35-3163C77F8352}.Debug|Any CPU.ActiveCfg = Debug|Any CPU
		{FEFD066C-2B44-4DFE-8C35-3163C77F8352}.Debug|Any CPU.Build.0 = Debug|Any CPU
		{FEFD066C-2B44-4DFE-8C35-3163C77F8352}.Release|Any CPU.ActiveCfg = Release|Any CPU
		{FEFD066C-2B44-4DFE-8C35-3163C77F8352}.Release|Any CPU.Build.0 = Release|Any CPU
	EndGlobalSection
	GlobalSection(SolutionProperties) = preSolution
		HideSolutionNode = FALSE
	EndGlobalSection
	GlobalSection(ExtensibilityGlobals) = postSolution
		SolutionGuid = {FF7573E2-3507-4DDC-861B-7E650AA49B9D}
	EndGlobalSection
EndGlobal
